Microsoft Visual Studio Solution File, Format Version 12.00
# Visual Studio Version 17
VisualStudioVersion = 17.5.2.0
MinimumVisualStudioVersion = 10.0.40219.1
Project("{FAE04EC0-301F-11D3-BF4B-00C04F79EFBC}") = "uppgift3", "uppgift3.csproj", "{B5B9C3B2-4401-327F-50F5-FCD71879F4BF}"
EndProject
Global
	GlobalSection(SolutionConfigurationPlatforms) = preSolution
		Debug|Any CPU = Debug|Any CPU
		Release|Any CPU = Release|Any CPU
	EndGlobalSection
	GlobalSection(ProjectConfigurationPlatforms) = postSolution
		{B5B9C3B2-4401-327F-50F5-FCD71879F4BF}.Debug|Any CPU.ActiveCfg = Debug|Any CPU
		{B5B9C3B2-4401-327F-50F5-FCD71879F4BF}.Debug|Any CPU.Build.0 = Debug|Any CPU
		{B5B9C3B2-4401-327F-50F5-FCD71879F4BF}.Release|Any CPU.ActiveCfg = Release|Any CPU
		{B5B9C3B2-4401-327F-50F5-FCD71879F4BF}.Release|Any CPU.Build.0 = Release|Any CPU
	EndGlobalSection
	GlobalSection(SolutionProperties) = preSolution
		HideSolutionNode = FALSE
	EndGlobalSection
	GlobalSection(ExtensibilityGlobals) = postSolution
		SolutionGuid = {D6FCD3AC-E7C1-4BB6-A193-CB272147382A}
	EndGlobalSection
EndGlobal
